// !$*UTF8*$!
{
	archiveVersion = 1;
	classes = {
	};
	objectVersion = 77;
	objects = {

/* Begin PBXBuildFile section */
		5FCACDD4606427A164FC955B /* Pods_SunkfinTests.framework in Frameworks */ = {isa = PBXBuildFile; fileRef = 935B7E69400A382DA1DBFEB6 /* Pods_SunkfinTests.framework */; };
		6A0C62932D82DB7A00E5526D /* JellyfinAPI in Frameworks */ = {isa = PBXBuildFile; productRef = 6A0C62922D82DB7A00E5526D /* JellyfinAPI */; };
		ABEE39BFE3566617F5F9F69F /* Pods_Sunkfin_SunkfinUITests.framework in Frameworks */ = {isa = PBXBuildFile; fileRef = 3BEE48B9F3FBA1C16E3C5E61 /* Pods_Sunkfin_SunkfinUITests.framework */; };
/* End PBXBuildFile section */

/* Begin PBXContainerItemProxy section */
		6AAE5CC52D821456002E84EE /* PBXContainerItemProxy */ = {
			isa = PBXContainerItemProxy;
			containerPortal = 6AAE5CAC2D821452002E84EE /* Project object */;
			proxyType = 1;
			remoteGlobalIDString = 6AAE5CB32D821452002E84EE;
			remoteInfo = Sunkfin;
		};
		6AAE5CCF2D821456002E84EE /* PBXContainerItemProxy */ = {
			isa = PBXContainerItemProxy;
			containerPortal = 6AAE5CAC2D821452002E84EE /* Project object */;
			proxyType = 1;
			remoteGlobalIDString = 6AAE5CB32D821452002E84EE;
			remoteInfo = Sunkfin;
		};
/* End PBXContainerItemProxy section */

/* Begin PBXFileReference section */
		25D8CD8698B79D60EBD30C8F /* Pods-SunkfinTests.debug.xcconfig */ = {isa = PBXFileReference; includeInIndex = 1; lastKnownFileType = text.xcconfig; name = "Pods-SunkfinTests.debug.xcconfig"; path = "Target Support Files/Pods-SunkfinTests/Pods-SunkfinTests.debug.xcconfig"; sourceTree = "<group>"; };
		2FCF3E67BFCB2FDDB82F8675 /* Pods-SunkfinTests.release.xcconfig */ = {isa = PBXFileReference; includeInIndex = 1; lastKnownFileType = text.xcconfig; name = "Pods-SunkfinTests.release.xcconfig"; path = "Target Support Files/Pods-SunkfinTests/Pods-SunkfinTests.release.xcconfig"; sourceTree = "<group>"; };
		3BEE48B9F3FBA1C16E3C5E61 /* Pods_Sunkfin_SunkfinUITests.framework */ = {isa = PBXFileReference; explicitFileType = wrapper.framework; includeInIndex = 0; path = Pods_Sunkfin_SunkfinUITests.framework; sourceTree = BUILT_PRODUCTS_DIR; };
		46EF3CA1982D286CC0221F0C /* Pods_Sunkfin.framework */ = {isa = PBXFileReference; explicitFileType = wrapper.framework; includeInIndex = 0; path = Pods_Sunkfin.framework; sourceTree = BUILT_PRODUCTS_DIR; };
		5A29CE70113399D24C6D88AA /* Pods-Sunkfin.release.xcconfig */ = {isa = PBXFileReference; includeInIndex = 1; lastKnownFileType = text.xcconfig; name = "Pods-Sunkfin.release.xcconfig"; path = "Target Support Files/Pods-Sunkfin/Pods-Sunkfin.release.xcconfig"; sourceTree = "<group>"; };
		5DBE4A889AAD31E474D5A940 /* Pods-Sunkfin-SunkfinUITests.debug.xcconfig */ = {isa = PBXFileReference; includeInIndex = 1; lastKnownFileType = text.xcconfig; name = "Pods-Sunkfin-SunkfinUITests.debug.xcconfig"; path = "Target Support Files/Pods-Sunkfin-SunkfinUITests/Pods-Sunkfin-SunkfinUITests.debug.xcconfig"; sourceTree = "<group>"; };
		6A0C61E12D82C6B100E5526D /* MobileVLCKit.xcframework */ = {isa = PBXFileReference; lastKnownFileType = wrapper.xcframework; name = MobileVLCKit.xcframework; path = Pods/MobileVLCKit/MobileVLCKit.xcframework; sourceTree = "<group>"; };
		6AAE5CB42D821452002E84EE /* Sunkfin.app */ = {isa = PBXFileReference; explicitFileType = wrapper.application; includeInIndex = 0; path = Sunkfin.app; sourceTree = BUILT_PRODUCTS_DIR; };
		6AAE5CC42D821456002E84EE /* SunkfinTests.xctest */ = {isa = PBXFileReference; explicitFileType = wrapper.cfbundle; includeInIndex = 0; path = SunkfinTests.xctest; sourceTree = BUILT_PRODUCTS_DIR; };
		6AAE5CCE2D821456002E84EE /* SunkfinUITests.xctest */ = {isa = PBXFileReference; explicitFileType = wrapper.cfbundle; includeInIndex = 0; path = SunkfinUITests.xctest; sourceTree = BUILT_PRODUCTS_DIR; };
		7A33EFBAC973E768C48FD6D4 /* Pods-Sunkfin-SunkfinUITests.release.xcconfig */ = {isa = PBXFileReference; includeInIndex = 1; lastKnownFileType = text.xcconfig; name = "Pods-Sunkfin-SunkfinUITests.release.xcconfig"; path = "Target Support Files/Pods-Sunkfin-SunkfinUITests/Pods-Sunkfin-SunkfinUITests.release.xcconfig"; sourceTree = "<group>"; };
		935B7E69400A382DA1DBFEB6 /* Pods_SunkfinTests.framework */ = {isa = PBXFileReference; explicitFileType = wrapper.framework; includeInIndex = 0; path = Pods_SunkfinTests.framework; sourceTree = BUILT_PRODUCTS_DIR; };
		EF31C2053005C05A8F1E6973 /* Pods-Sunkfin.debug.xcconfig */ = {isa = PBXFileReference; includeInIndex = 1; lastKnownFileType = text.xcconfig; name = "Pods-Sunkfin.debug.xcconfig"; path = "Target Support Files/Pods-Sunkfin/Pods-Sunkfin.debug.xcconfig"; sourceTree = "<group>"; };
/* End PBXFileReference section */

/* Begin PBXFileSystemSynchronizedBuildFileExceptionSet section */
		6A0C61972D82B86000E5526D /* Exceptions for "Sunkfin" folder in "Sunkfin" target */ = {
			isa = PBXFileSystemSynchronizedBuildFileExceptionSet;
			membershipExceptions = (
				Info.plist,
			);
			target = 6AAE5CB32D821452002E84EE /* Sunkfin */;
		};
/* End PBXFileSystemSynchronizedBuildFileExceptionSet section */

/* Begin PBXFileSystemSynchronizedRootGroup section */
		6AAE5CB62D821452002E84EE /* Sunkfin */ = {
			isa = PBXFileSystemSynchronizedRootGroup;
			exceptions = (
				6A0C61972D82B86000E5526D /* Exceptions for "Sunkfin" folder in "Sunkfin" target */,
			);
			path = Sunkfin;
			sourceTree = "<group>";
		};
		6AAE5CC72D821456002E84EE /* SunkfinTests */ = {
			isa = PBXFileSystemSynchronizedRootGroup;
			path = SunkfinTests;
			sourceTree = "<group>";
		};
		6AAE5CD12D821456002E84EE /* SunkfinUITests */ = {
			isa = PBXFileSystemSynchronizedRootGroup;
			path = SunkfinUITests;
			sourceTree = "<group>";
		};
/* End PBXFileSystemSynchronizedRootGroup section */

/* Begin PBXFrameworksBuildPhase section */
		6AAE5CB12D821452002E84EE /* Frameworks */ = {
			isa = PBXFrameworksBuildPhase;
			buildActionMask = 2147483647;
			files = (
				6A0C62932D82DB7A00E5526D /* JellyfinAPI in Frameworks */,
			);
			runOnlyForDeploymentPostprocessing = 0;
		};
		6AAE5CC12D821456002E84EE /* Frameworks */ = {
			isa = PBXFrameworksBuildPhase;
			buildActionMask = 2147483647;
			files = (
				5FCACDD4606427A164FC955B /* Pods_SunkfinTests.framework in Frameworks */,
			);
			runOnlyForDeploymentPostprocessing = 0;
		};
		6AAE5CCB2D821456002E84EE /* Frameworks */ = {
			isa = PBXFrameworksBuildPhase;
			buildActionMask = 2147483647;
			files = (
				ABEE39BFE3566617F5F9F69F /* Pods_Sunkfin_SunkfinUITests.framework in Frameworks */,
			);
			runOnlyForDeploymentPostprocessing = 0;
		};
/* End PBXFrameworksBuildPhase section */

/* Begin PBXGroup section */
		6AAE5CAB2D821452002E84EE = {
			isa = PBXGroup;
			children = (
				6AAE5CB62D821452002E84EE /* Sunkfin */,
				6AAE5CC72D821456002E84EE /* SunkfinTests */,
				6AAE5CD12D821456002E84EE /* SunkfinUITests */,
				6AAE5CB52D821452002E84EE /* Products */,
				A326E56D45FBA64FF8543771 /* Pods */,
				BDA3C23173BDC4F3226A911C /* Frameworks */,
			);
			sourceTree = "<group>";
		};
		6AAE5CB52D821452002E84EE /* Products */ = {
			isa = PBXGroup;
			children = (
				6AAE5CB42D821452002E84EE /* Sunkfin.app */,
				6AAE5CC42D821456002E84EE /* SunkfinTests.xctest */,
				6AAE5CCE2D821456002E84EE /* SunkfinUITests.xctest */,
			);
			name = Products;
			sourceTree = "<group>";
		};
		A326E56D45FBA64FF8543771 /* Pods */ = {
			isa = PBXGroup;
			children = (
				EF31C2053005C05A8F1E6973 /* Pods-Sunkfin.debug.xcconfig */,
				5A29CE70113399D24C6D88AA /* Pods-Sunkfin.release.xcconfig */,
				5DBE4A889AAD31E474D5A940 /* Pods-Sunkfin-SunkfinUITests.debug.xcconfig */,
				7A33EFBAC973E768C48FD6D4 /* Pods-Sunkfin-SunkfinUITests.release.xcconfig */,
				25D8CD8698B79D60EBD30C8F /* Pods-SunkfinTests.debug.xcconfig */,
				2FCF3E67BFCB2FDDB82F8675 /* Pods-SunkfinTests.release.xcconfig */,
			);
			path = Pods;
			sourceTree = "<group>";
		};
		BDA3C23173BDC4F3226A911C /* Frameworks */ = {
			isa = PBXGroup;
			children = (
				6A0C61E12D82C6B100E5526D /* MobileVLCKit.xcframework */,
				46EF3CA1982D286CC0221F0C /* Pods_Sunkfin.framework */,
				3BEE48B9F3FBA1C16E3C5E61 /* Pods_Sunkfin_SunkfinUITests.framework */,
				935B7E69400A382DA1DBFEB6 /* Pods_SunkfinTests.framework */,
			);
			name = Frameworks;
			sourceTree = "<group>";
		};
/* End PBXGroup section */

/* Begin PBXNativeTarget section */
		6AAE5CB32D821452002E84EE /* Sunkfin */ = {
			isa = PBXNativeTarget;
			buildConfigurationList = 6AAE5CD82D821456002E84EE /* Build configuration list for PBXNativeTarget "Sunkfin" */;
			buildPhases = (
				13FA46F6A85A639BF1F2885F /* [CP] Check Pods Manifest.lock */,
				6AAE5CB02D821452002E84EE /* Sources */,
				6AAE5CB12D821452002E84EE /* Frameworks */,
				6AAE5CB22D821452002E84EE /* Resources */,
			);
			buildRules = (
			);
			dependencies = (
			);
			fileSystemSynchronizedGroups = (
				6AAE5CB62D821452002E84EE /* Sunkfin */,
			);
			name = Sunkfin;
			packageProductDependencies = (
				6A0C62922D82DB7A00E5526D /* JellyfinAPI */,
			);
			productName = Sunkfin;
			productReference = 6AAE5CB42D821452002E84EE /* Sunkfin.app */;
			productType = "com.apple.product-type.application";
		};
		6AAE5CC32D821456002E84EE /* SunkfinTests */ = {
			isa = PBXNativeTarget;
			buildConfigurationList = 6AAE5CDB2D821456002E84EE /* Build configuration list for PBXNativeTarget "SunkfinTests" */;
			buildPhases = (
				05FCB4C8ACAAD6C6E8BF23ED /* [CP] Check Pods Manifest.lock */,
				6AAE5CC02D821456002E84EE /* Sources */,
				6AAE5CC12D821456002E84EE /* Frameworks */,
				6AAE5CC22D821456002E84EE /* Resources */,
			);
			buildRules = (
			);
			dependencies = (
				6AAE5CC62D821456002E84EE /* PBXTargetDependency */,
			);
			fileSystemSynchronizedGroups = (
				6AAE5CC72D821456002E84EE /* SunkfinTests */,
			);
			name = SunkfinTests;
			productName = SunkfinTests;
			productReference = 6AAE5CC42D821456002E84EE /* SunkfinTests.xctest */;
			productType = "com.apple.product-type.bundle.unit-test";
		};
		6AAE5CCD2D821456002E84EE /* SunkfinUITests */ = {
			isa = PBXNativeTarget;
			buildConfigurationList = 6AAE5CDE2D821456002E84EE /* Build configuration list for PBXNativeTarget "SunkfinUITests" */;
			buildPhases = (
				F5120B23A60ADD0C31501021 /* [CP] Check Pods Manifest.lock */,
				6AAE5CCA2D821456002E84EE /* Sources */,
				6AAE5CCB2D821456002E84EE /* Frameworks */,
				6AAE5CCC2D821456002E84EE /* Resources */,
			);
			buildRules = (
			);
			dependencies = (
				6AAE5CD02D821456002E84EE /* PBXTargetDependency */,
			);
			fileSystemSynchronizedGroups = (
				6AAE5CD12D821456002E84EE /* SunkfinUITests */,
			);
			name = SunkfinUITests;
			productName = SunkfinUITests;
			productReference = 6AAE5CCE2D821456002E84EE /* SunkfinUITests.xctest */;
			productType = "com.apple.product-type.bundle.ui-testing";
		};
/* End PBXNativeTarget section */

/* Begin PBXProject section */
		6AAE5CAC2D821452002E84EE /* Project object */ = {
			isa = PBXProject;
			attributes = {
				BuildIndependentTargetsInParallel = 1;
				LastSwiftUpdateCheck = 1620;
				LastUpgradeCheck = 1620;
				TargetAttributes = {
					6AAE5CB32D821452002E84EE = {
						CreatedOnToolsVersion = 16.2;
					};
					6AAE5CC32D821456002E84EE = {
						CreatedOnToolsVersion = 16.2;
						TestTargetID = 6AAE5CB32D821452002E84EE;
					};
					6AAE5CCD2D821456002E84EE = {
						CreatedOnToolsVersion = 16.2;
						TestTargetID = 6AAE5CB32D821452002E84EE;
					};
				};
			};
			buildConfigurationList = 6AAE5CAF2D821452002E84EE /* Build configuration list for PBXProject "Sunkfin" */;
			developmentRegion = en;
			hasScannedForEncodings = 0;
			knownRegions = (
				en,
				Base,
			);
			mainGroup = 6AAE5CAB2D821452002E84EE;
			minimizedProjectReferenceProxies = 1;
			packageReferences = (
				6A0C62912D82DB7A00E5526D /* XCRemoteSwiftPackageReference "jellyfin-sdk-swift" */,
			);
			preferredProjectObjectVersion = 77;
			productRefGroup = 6AAE5CB52D821452002E84EE /* Products */;
			projectDirPath = "";
			projectRoot = "";
			targets = (
				6AAE5CB32D821452002E84EE /* Sunkfin */,
				6AAE5CC32D821456002E84EE /* SunkfinTests */,
				6AAE5CCD2D821456002E84EE /* SunkfinUITests */,
			);
		};
/* End PBXProject section */

/* Begin PBXResourcesBuildPhase section */
		6AAE5CB22D821452002E84EE /* Resources */ = {
			isa = PBXResourcesBuildPhase;
			buildActionMask = 2147483647;
			files = (
			);
			runOnlyForDeploymentPostprocessing = 0;
		};
		6AAE5CC22D821456002E84EE /* Resources */ = {
			isa = PBXResourcesBuildPhase;
			buildActionMask = 2147483647;
			files = (
			);
			runOnlyForDeploymentPostprocessing = 0;
		};
		6AAE5CCC2D821456002E84EE /* Resources */ = {
			isa = PBXResourcesBuildPhase;
			buildActionMask = 2147483647;
			files = (
			);
			runOnlyForDeploymentPostprocessing = 0;
		};
/* End PBXResourcesBuildPhase section */

/* Begin PBXShellScriptBuildPhase section */
		05FCB4C8ACAAD6C6E8BF23ED /* [CP] Check Pods Manifest.lock */ = {
			isa = PBXShellScriptBuildPhase;
			buildActionMask = 2147483647;
			files = (
			);
			inputFileListPaths = (
			);
			inputPaths = (
				"${PODS_PODFILE_DIR_PATH}/Podfile.lock",
				"${PODS_ROOT}/Manifest.lock",
			);
			name = "[CP] Check Pods Manifest.lock";
			outputFileListPaths = (
			);
			outputPaths = (
				"$(DERIVED_FILE_DIR)/Pods-SunkfinTests-checkManifestLockResult.txt",
			);
			runOnlyForDeploymentPostprocessing = 0;
			shellPath = /bin/sh;
			shellScript = "diff \"${PODS_PODFILE_DIR_PATH}/Podfile.lock\" \"${PODS_ROOT}/Manifest.lock\" > /dev/null\nif [ $? != 0 ] ; then\n    # print error to STDERR\n    echo \"error: The sandbox is not in sync with the Podfile.lock. Run 'pod install' or update your CocoaPods installation.\" >&2\n    exit 1\nfi\n# This output is used by Xcode 'outputs' to avoid re-running this script phase.\necho \"SUCCESS\" > \"${SCRIPT_OUTPUT_FILE_0}\"\n";
			showEnvVarsInLog = 0;
		};
		13FA46F6A85A639BF1F2885F /* [CP] Check Pods Manifest.lock */ = {
			isa = PBXShellScriptBuildPhase;
			buildActionMask = 2147483647;
			files = (
			);
			inputFileListPaths = (
			);
			inputPaths = (
				"${PODS_PODFILE_DIR_PATH}/Podfile.lock",
				"${PODS_ROOT}/Manifest.lock",
			);
			name = "[CP] Check Pods Manifest.lock";
			outputFileListPaths = (
			);
			outputPaths = (
				"$(DERIVED_FILE_DIR)/Pods-Sunkfin-checkManifestLockResult.txt",
			);
			runOnlyForDeploymentPostprocessing = 0;
			shellPath = /bin/sh;
			shellScript = "diff \"${PODS_PODFILE_DIR_PATH}/Podfile.lock\" \"${PODS_ROOT}/Manifest.lock\" > /dev/null\nif [ $? != 0 ] ; then\n    # print error to STDERR\n    echo \"error: The sandbox is not in sync with the Podfile.lock. Run 'pod install' or update your CocoaPods installation.\" >&2\n    exit 1\nfi\n# This output is used by Xcode 'outputs' to avoid re-running this script phase.\necho \"SUCCESS\" > \"${SCRIPT_OUTPUT_FILE_0}\"\n";
			showEnvVarsInLog = 0;
		};
		F5120B23A60ADD0C31501021 /* [CP] Check Pods Manifest.lock */ = {
			isa = PBXShellScriptBuildPhase;
			buildActionMask = 2147483647;
			files = (
			);
			inputFileListPaths = (
			);
			inputPaths = (
				"${PODS_PODFILE_DIR_PATH}/Podfile.lock",
				"${PODS_ROOT}/Manifest.lock",
			);
			name = "[CP] Check Pods Manifest.lock";
			outputFileListPaths = (
			);
			outputPaths = (
				"$(DERIVED_FILE_DIR)/Pods-Sunkfin-SunkfinUITests-checkManifestLockResult.txt",
			);
			runOnlyForDeploymentPostprocessing = 0;
			shellPath = /bin/sh;
			shellScript = "diff \"${PODS_PODFILE_DIR_PATH}/Podfile.lock\" \"${PODS_ROOT}/Manifest.lock\" > /dev/null\nif [ $? != 0 ] ; then\n    # print error to STDERR\n    echo \"error: The sandbox is not in sync with the Podfile.lock. Run 'pod install' or update your CocoaPods installation.\" >&2\n    exit 1\nfi\n# This output is used by Xcode 'outputs' to avoid re-running this script phase.\necho \"SUCCESS\" > \"${SCRIPT_OUTPUT_FILE_0}\"\n";
			showEnvVarsInLog = 0;
		};
/* End PBXShellScriptBuildPhase section */

/* Begin PBXSourcesBuildPhase section */
		6AAE5CB02D821452002E84EE /* Sources */ = {
			isa = PBXSourcesBuildPhase;
			buildActionMask = 2147483647;
			files = (
			);
			runOnlyForDeploymentPostprocessing = 0;
		};
		6AAE5CC02D821456002E84EE /* Sources */ = {
			isa = PBXSourcesBuildPhase;
			buildActionMask = 2147483647;
			files = (
			);
			runOnlyForDeploymentPostprocessing = 0;
		};
		6AAE5CCA2D821456002E84EE /* Sources */ = {
			isa = PBXSourcesBuildPhase;
			buildActionMask = 2147483647;
			files = (
			);
			runOnlyForDeploymentPostprocessing = 0;
		};
/* End PBXSourcesBuildPhase section */

/* Begin PBXTargetDependency section */
		6AAE5CC62D821456002E84EE /* PBXTargetDependency */ = {
			isa = PBXTargetDependency;
			target = 6AAE5CB32D821452002E84EE /* Sunkfin */;
			targetProxy = 6AAE5CC52D821456002E84EE /* PBXContainerItemProxy */;
		};
		6AAE5CD02D821456002E84EE /* PBXTargetDependency */ = {
			isa = PBXTargetDependency;
			target = 6AAE5CB32D821452002E84EE /* Sunkfin */;
			targetProxy = 6AAE5CCF2D821456002E84EE /* PBXContainerItemProxy */;
		};
/* End PBXTargetDependency section */

/* Begin XCBuildConfiguration section */
		6AAE5CD62D821456002E84EE /* Debug */ = {
			isa = XCBuildConfiguration;
			buildSettings = {
				ALWAYS_SEARCH_USER_PATHS = NO;
				ASSETCATALOG_COMPILER_GENERATE_SWIFT_ASSET_SYMBOL_EXTENSIONS = YES;
				CLANG_ANALYZER_NONNULL = YES;
				CLANG_ANALYZER_NUMBER_OBJECT_CONVERSION = YES_AGGRESSIVE;
				CLANG_CXX_LANGUAGE_STANDARD = "gnu++20";
				CLANG_ENABLE_MODULES = YES;
				CLANG_ENABLE_OBJC_ARC = YES;
				CLANG_ENABLE_OBJC_WEAK = YES;
				CLANG_WARN_BLOCK_CAPTURE_AUTORELEASING = YES;
				CLANG_WARN_BOOL_CONVERSION = YES;
				CLANG_WARN_COMMA = YES;
				CLANG_WARN_CONSTANT_CONVERSION = YES;
				CLANG_WARN_DEPRECATED_OBJC_IMPLEMENTATIONS = YES;
				CLANG_WARN_DIRECT_OBJC_ISA_USAGE = YES_ERROR;
				CLANG_WARN_DOCUMENTATION_COMMENTS = YES;
				CLANG_WARN_EMPTY_BODY = YES;
				CLANG_WARN_ENUM_CONVERSION = YES;
				CLANG_WARN_INFINITE_RECURSION = YES;
				CLANG_WARN_INT_CONVERSION = YES;
				CLANG_WARN_NON_LITERAL_NULL_CONVERSION = YES;
				CLANG_WARN_OBJC_IMPLICIT_RETAIN_SELF = YES;
				CLANG_WARN_OBJC_LITERAL_CONVERSION = YES;
				CLANG_WARN_OBJC_ROOT_CLASS = YES_ERROR;
				CLANG_WARN_QUOTED_INCLUDE_IN_FRAMEWORK_HEADER = YES;
				CLANG_WARN_RANGE_LOOP_ANALYSIS = YES;
				CLANG_WARN_STRICT_PROTOTYPES = YES;
				CLANG_WARN_SUSPICIOUS_MOVE = YES;
				CLANG_WARN_UNGUARDED_AVAILABILITY = YES_AGGRESSIVE;
				CLANG_WARN_UNREACHABLE_CODE = YES;
				CLANG_WARN__DUPLICATE_METHOD_MATCH = YES;
				COPY_PHASE_STRIP = NO;
				DEBUG_INFORMATION_FORMAT = dwarf;
				ENABLE_STRICT_OBJC_MSGSEND = YES;
				ENABLE_TESTABILITY = YES;
				ENABLE_USER_SCRIPT_SANDBOXING = NO;
				GCC_C_LANGUAGE_STANDARD = gnu17;
				GCC_DYNAMIC_NO_PIC = NO;
				GCC_NO_COMMON_BLOCKS = YES;
				GCC_OPTIMIZATION_LEVEL = 0;
				GCC_PREPROCESSOR_DEFINITIONS = (
					"DEBUG=1",
					"$(inherited)",
				);
				GCC_WARN_64_TO_32_BIT_CONVERSION = YES;
				GCC_WARN_ABOUT_RETURN_TYPE = YES_ERROR;
				GCC_WARN_UNDECLARED_SELECTOR = YES;
				GCC_WARN_UNINITIALIZED_AUTOS = YES_AGGRESSIVE;
				GCC_WARN_UNUSED_FUNCTION = YES;
				GCC_WARN_UNUSED_VARIABLE = YES;
				IPHONEOS_DEPLOYMENT_TARGET = 18.2;
				LOCALIZATION_PREFERS_STRING_CATALOGS = YES;
				MTL_ENABLE_DEBUG_INFO = INCLUDE_SOURCE;
				MTL_FAST_MATH = YES;
				ONLY_ACTIVE_ARCH = YES;
				SDKROOT = iphoneos;
				SWIFT_ACTIVE_COMPILATION_CONDITIONS = "DEBUG $(inherited)";
				SWIFT_OPTIMIZATION_LEVEL = "-Onone";
			};
			name = Debug;
		};
		6AAE5CD72D821456002E84EE /* Release */ = {
			isa = XCBuildConfiguration;
			buildSettings = {
				ALWAYS_SEARCH_USER_PATHS = NO;
				ASSETCATALOG_COMPILER_GENERATE_SWIFT_ASSET_SYMBOL_EXTENSIONS = YES;
				CLANG_ANALYZER_NONNULL = YES;
				CLANG_ANALYZER_NUMBER_OBJECT_CONVERSION = YES_AGGRESSIVE;
				CLANG_CXX_LANGUAGE_STANDARD = "gnu++20";
				CLANG_ENABLE_MODULES = YES;
				CLANG_ENABLE_OBJC_ARC = YES;
				CLANG_ENABLE_OBJC_WEAK = YES;
				CLANG_WARN_BLOCK_CAPTURE_AUTORELEASING = YES;
				CLANG_WARN_BOOL_CONVERSION = YES;
				CLANG_WARN_COMMA = YES;
				CLANG_WARN_CONSTANT_CONVERSION = YES;
				CLANG_WARN_DEPRECATED_OBJC_IMPLEMENTATIONS = YES;
				CLANG_WARN_DIRECT_OBJC_ISA_USAGE = YES_ERROR;
				CLANG_WARN_DOCUMENTATION_COMMENTS = YES;
				CLANG_WARN_EMPTY_BODY = YES;
				CLANG_WARN_ENUM_CONVERSION = YES;
				CLANG_WARN_INFINITE_RECURSION = YES;
				CLANG_WARN_INT_CONVERSION = YES;
				CLANG_WARN_NON_LITERAL_NULL_CONVERSION = YES;
				CLANG_WARN_OBJC_IMPLICIT_RETAIN_SELF = YES;
				CLANG_WARN_OBJC_LITERAL_CONVERSION = YES;
				CLANG_WARN_OBJC_ROOT_CLASS = YES_ERROR;
				CLANG_WARN_QUOTED_INCLUDE_IN_FRAMEWORK_HEADER = YES;
				CLANG_WARN_RANGE_LOOP_ANALYSIS = YES;
				CLANG_WARN_STRICT_PROTOTYPES = YES;
				CLANG_WARN_SUSPICIOUS_MOVE = YES;
				CLANG_WARN_UNGUARDED_AVAILABILITY = YES_AGGRESSIVE;
				CLANG_WARN_UNREACHABLE_CODE = YES;
				CLANG_WARN__DUPLICATE_METHOD_MATCH = YES;
				COPY_PHASE_STRIP = NO;
				DEBUG_INFORMATION_FORMAT = "dwarf-with-dsym";
				ENABLE_NS_ASSERTIONS = NO;
				ENABLE_STRICT_OBJC_MSGSEND = YES;
				ENABLE_USER_SCRIPT_SANDBOXING = NO;
				GCC_C_LANGUAGE_STANDARD = gnu17;
				GCC_NO_COMMON_BLOCKS = YES;
				GCC_WARN_64_TO_32_BIT_CONVERSION = YES;
				GCC_WARN_ABOUT_RETURN_TYPE = YES_ERROR;
				GCC_WARN_UNDECLARED_SELECTOR = YES;
				GCC_WARN_UNINITIALIZED_AUTOS = YES_AGGRESSIVE;
				GCC_WARN_UNUSED_FUNCTION = YES;
				GCC_WARN_UNUSED_VARIABLE = YES;
				IPHONEOS_DEPLOYMENT_TARGET = 18.2;
				LOCALIZATION_PREFERS_STRING_CATALOGS = YES;
				MTL_ENABLE_DEBUG_INFO = NO;
				MTL_FAST_MATH = YES;
				SDKROOT = iphoneos;
				SWIFT_COMPILATION_MODE = wholemodule;
				VALIDATE_PRODUCT = YES;
			};
			name = Release;
		};
		6AAE5CD92D821456002E84EE /* Debug */ = {
			isa = XCBuildConfiguration;
			baseConfigurationReference = EF31C2053005C05A8F1E6973 /* Pods-Sunkfin.debug.xcconfig */;
			buildSettings = {
				ASSETCATALOG_COMPILER_APPICON_NAME = AppIcon;
				ASSETCATALOG_COMPILER_GLOBAL_ACCENT_COLOR_NAME = AccentColor;
				CODE_SIGN_ENTITLEMENTS = Sunkfin/Sunkfin.entitlements;
				CODE_SIGN_STYLE = Automatic;
				CURRENT_PROJECT_VERSION = 1;
				DEVELOPMENT_ASSET_PATHS = "\"Sunkfin/Preview Content\"";
				DEVELOPMENT_TEAM = 2LXR6KM7AB;
				ENABLE_PREVIEWS = YES;
				GENERATE_INFOPLIST_FILE = YES;
				INFOPLIST_FILE = Sunkfin/Info.plist;
				INFOPLIST_KEY_UIApplicationSceneManifest_Generation = YES;
				INFOPLIST_KEY_UIApplicationSupportsIndirectInputEvents = YES;
				INFOPLIST_KEY_UILaunchScreen_Generation = YES;
				INFOPLIST_KEY_UISupportedInterfaceOrientations_iPad = "UIInterfaceOrientationPortrait UIInterfaceOrientationPortraitUpsideDown UIInterfaceOrientationLandscapeLeft UIInterfaceOrientationLandscapeRight";
				INFOPLIST_KEY_UISupportedInterfaceOrientations_iPhone = "UIInterfaceOrientationPortrait UIInterfaceOrientationLandscapeLeft UIInterfaceOrientationLandscapeRight";
				LD_RUNPATH_SEARCH_PATHS = (
					"$(inherited)",
					"@executable_path/Frameworks",
				);
				MARKETING_VERSION = 0.1;
				PRODUCT_BUNDLE_IDENTIFIER = com.jackcrane.Sunkfin;
				PRODUCT_NAME = "$(TARGET_NAME)";
				SWIFT_EMIT_LOC_STRINGS = YES;
				SWIFT_VERSION = 5.0;
				TARGETED_DEVICE_FAMILY = "1,2";
			};
			name = Debug;
		};
		6AAE5CDA2D821456002E84EE /* Release */ = {
			isa = XCBuildConfiguration;
			baseConfigurationReference = 5A29CE70113399D24C6D88AA /* Pods-Sunkfin.release.xcconfig */;
			buildSettings = {
				ASSETCATALOG_COMPILER_APPICON_NAME = AppIcon;
				ASSETCATALOG_COMPILER_GLOBAL_ACCENT_COLOR_NAME = AccentColor;
				CODE_SIGN_ENTITLEMENTS = Sunkfin/Sunkfin.entitlements;
				CODE_SIGN_STYLE = Automatic;
				CURRENT_PROJECT_VERSION = 1;
				DEVELOPMENT_ASSET_PATHS = "\"Sunkfin/Preview Content\"";
				DEVELOPMENT_TEAM = 2LXR6KM7AB;
				ENABLE_PREVIEWS = YES;
				GENERATE_INFOPLIST_FILE = YES;
				INFOPLIST_FILE = Sunkfin/Info.plist;
				INFOPLIST_KEY_UIApplicationSceneManifest_Generation = YES;
				INFOPLIST_KEY_UIApplicationSupportsIndirectInputEvents = YES;
				INFOPLIST_KEY_UILaunchScreen_Generation = YES;
				INFOPLIST_KEY_UISupportedInterfaceOrientations_iPad = "UIInterfaceOrientationPortrait UIInterfaceOrientationPortraitUpsideDown UIInterfaceOrientationLandscapeLeft UIInterfaceOrientationLandscapeRight";
				INFOPLIST_KEY_UISupportedInterfaceOrientations_iPhone = "UIInterfaceOrientationPortrait UIInterfaceOrientationLandscapeLeft UIInterfaceOrientationLandscapeRight";
				LD_RUNPATH_SEARCH_PATHS = (
					"$(inherited)",
					"@executable_path/Frameworks",
				);
				MARKETING_VERSION = 0.1;
				PRODUCT_BUNDLE_IDENTIFIER = com.jackcrane.Sunkfin;
				PRODUCT_NAME = "$(TARGET_NAME)";
				SWIFT_EMIT_LOC_STRINGS = YES;
				SWIFT_VERSION = 5.0;
				TARGETED_DEVICE_FAMILY = "1,2";
			};
			name = Release;
		};
		6AAE5CDC2D821456002E84EE /* Debug */ = {
			isa = XCBuildConfiguration;
			baseConfigurationReference = 25D8CD8698B79D60EBD30C8F /* Pods-SunkfinTests.debug.xcconfig */;
			buildSettings = {
				BUNDLE_LOADER = "$(TEST_HOST)";
				CODE_SIGN_STYLE = Automatic;
				CURRENT_PROJECT_VERSION = 1;
				DEVELOPMENT_TEAM = 2LXR6KM7AB;
				GENERATE_INFOPLIST_FILE = YES;
				IPHONEOS_DEPLOYMENT_TARGET = 18.2;
				MARKETING_VERSION = 1.0;
				PRODUCT_BUNDLE_IDENTIFIER = com.jackcrane.SunkfinTests;
				PRODUCT_NAME = "$(TARGET_NAME)";
				SWIFT_EMIT_LOC_STRINGS = NO;
				SWIFT_VERSION = 5.0;
				TARGETED_DEVICE_FAMILY = "1,2";
				TEST_HOST = "$(BUILT_PRODUCTS_DIR)/Sunkfin.app/$(BUNDLE_EXECUTABLE_FOLDER_PATH)/Sunkfin";
			};
			name = Debug;
		};
		6AAE5CDD2D821456002E84EE /* Release */ = {
			isa = XCBuildConfiguration;
			baseConfigurationReference = 2FCF3E67BFCB2FDDB82F8675 /* Pods-SunkfinTests.release.xcconfig */;
			buildSettings = {
				BUNDLE_LOADER = "$(TEST_HOST)";
				CODE_SIGN_STYLE = Automatic;
				CURRENT_PROJECT_VERSION = 1;
				DEVELOPMENT_TEAM = 2LXR6KM7AB;
				GENERATE_INFOPLIST_FILE = YES;
				IPHONEOS_DEPLOYMENT_TARGET = 18.2;
				MARKETING_VERSION = 1.0;
				PRODUCT_BUNDLE_IDENTIFIER = com.jackcrane.SunkfinTests;
				PRODUCT_NAME = "$(TARGET_NAME)";
				SWIFT_EMIT_LOC_STRINGS = NO;
				SWIFT_VERSION = 5.0;
				TARGETED_DEVICE_FAMILY = "1,2";
				TEST_HOST = "$(BUILT_PRODUCTS_DIR)/Sunkfin.app/$(BUNDLE_EXECUTABLE_FOLDER_PATH)/Sunkfin";
			};
			name = Release;
		};
		6AAE5CDF2D821456002E84EE /* Debug */ = {
			isa = XCBuildConfiguration;
			baseConfigurationReference = 5DBE4A889AAD31E474D5A940 /* Pods-Sunkfin-SunkfinUITests.debug.xcconfig */;
			buildSettings = {
				CODE_SIGN_STYLE = Automatic;
				CURRENT_PROJECT_VERSION = 1;
				DEVELOPMENT_TEAM = 2LXR6KM7AB;
				GENERATE_INFOPLIST_FILE = YES;
				MARKETING_VERSION = 1.0;
				PRODUCT_BUNDLE_IDENTIFIER = com.jackcrane.SunkfinUITests;
				PRODUCT_NAME = "$(TARGET_NAME)";
				SWIFT_EMIT_LOC_STRINGS = NO;
				SWIFT_VERSION = 5.0;
				TARGETED_DEVICE_FAMILY = "1,2";
				TEST_TARGET_NAME = Sunkfin;
			};
			name = Debug;
		};
		6AAE5CE02D821456002E84EE /* Release */ = {
			isa = XCBuildConfiguration;
			baseConfigurationReference = 7A33EFBAC973E768C48FD6D4 /* Pods-Sunkfin-SunkfinUITests.release.xcconfig */;
			buildSettings = {
				CODE_SIGN_STYLE = Automatic;
				CURRENT_PROJECT_VERSION = 1;
				DEVELOPMENT_TEAM = 2LXR6KM7AB;
				GENERATE_INFOPLIST_FILE = YES;
				MARKETING_VERSION = 1.0;
				PRODUCT_BUNDLE_IDENTIFIER = com.jackcrane.SunkfinUITests;
				PRODUCT_NAME = "$(TARGET_NAME)";
				SWIFT_EMIT_LOC_STRINGS = NO;
				SWIFT_VERSION = 5.0;
				TARGETED_DEVICE_FAMILY = "1,2";
				TEST_TARGET_NAME = Sunkfin;
			};
			name = Release;
		};
/* End XCBuildConfiguration section */

/* Begin XCConfigurationList section */
		6AAE5CAF2D821452002E84EE /* Build configuration list for PBXProject "Sunkfin" */ = {
			isa = XCConfigurationList;
			buildConfigurations = (
				6AAE5CD62D821456002E84EE /* Debug */,
				6AAE5CD72D821456002E84EE /* Release */,
			);
			defaultConfigurationIsVisible = 0;
			defaultConfigurationName = Release;
		};
		6AAE5CD82D821456002E84EE /* Build configuration list for PBXNativeTarget "Sunkfin" */ = {
			isa = XCConfigurationList;
			buildConfigurations = (
				6AAE5CD92D821456002E84EE /* Debug */,
				6AAE5CDA2D821456002E84EE /* Release */,
			);
			defaultConfigurationIsVisible = 0;
			defaultConfigurationName = Release;
		};
		6AAE5CDB2D821456002E84EE /* Build configuration list for PBXNativeTarget "SunkfinTests" */ = {
			isa = XCConfigurationList;
			buildConfigurations = (
				6AAE5CDC2D821456002E84EE /* Debug */,
				6AAE5CDD2D821456002E84EE /* Release */,
			);
			defaultConfigurationIsVisible = 0;
			defaultConfigurationName = Release;
		};
		6AAE5CDE2D821456002E84EE /* Build configuration list for PBXNativeTarget "SunkfinUITests" */ = {
			isa = XCConfigurationList;
			buildConfigurations = (
				6AAE5CDF2D821456002E84EE /* Debug */,
				6AAE5CE02D821456002E84EE /* Release */,
			);
			defaultConfigurationIsVisible = 0;
			defaultConfigurationName = Release;
		};
/* End XCConfigurationList section */

/* Begin XCRemoteSwiftPackageReference section */
		6A0C62912D82DB7A00E5526D /* XCRemoteSwiftPackageReference "jellyfin-sdk-swift" */ = {
			isa = XCRemoteSwiftPackageReference;
			repositoryURL = "https://github.com/jellyfin/jellyfin-sdk-swift";
			requirement = {
				kind = upToNextMajorVersion;
				minimumVersion = 0.4.0;
			};
		};
/* End XCRemoteSwiftPackageReference section */

/* Begin XCSwiftPackageProductDependency section */
		6A0C62922D82DB7A00E5526D /* JellyfinAPI */ = {
			isa = XCSwiftPackageProductDependency;
			package = 6A0C62912D82DB7A00E5526D /* XCRemoteSwiftPackageReference "jellyfin-sdk-swift" */;
			productName = JellyfinAPI;
		};
/* End XCSwiftPackageProductDependency section */
	};
	rootObject = 6AAE5CAC2D821452002E84EE /* Project object */;
}
